
Microsoft Visual Studio Solution File, Format Version 12.00
# Visual Studio 15
VisualStudioVersion = 15.0.28307.329
MinimumVisualStudioVersion = 10.0.40219.1
Project("{FAE04EC0-301F-11D3-BF4B-00C04F79EFBC}") = "demo", "demo\demo.csproj", "{A5DAF44B-7F82-4197-9D60-E4E70D2DF97A}"
EndProject
Global
	GlobalSection(SolutionConfigurationPlatforms) = preSolution
		Debug|Any CPU = Debug|Any CPU
		Release|Any CPU = Release|Any CPU
	EndGlobalSection
	GlobalSection(ProjectConfigurationPlatforms) = postSolution
		{A5DAF44B-7F82-4197-9D60-E4E70D2DF97A}.Debug|Any CPU.ActiveCfg = Debug|Any CPU
		{A5DAF44B-7F82-4197-9D60-E4E70D2DF97A}.Debug|Any CPU.Build.0 = Debug|Any CPU
		{A5DAF44B-7F82-4197-9D60-E4E70D2DF97A}.Release|Any CPU.ActiveCfg = Release|Any CPU
		{A5DAF44B-7F82-4197-9D60-E4E70D2DF97A}.Release|Any CPU.Build.0 = Release|Any CPU
	EndGlobalSection
	GlobalSection(SolutionProperties) = preSolution
		HideSolutionNode = FALSE
	EndGlobalSection
	GlobalSection(ExtensibilityGlobals) = postSolution
		SolutionGuid = {40166A0C-EAD2-4863-B0AE-D7FD3111B1DC}
	EndGlobalSection
EndGlobal
